
Microsoft Visual Studio Solution File, Format Version 12.00
# Visual Studio Version 16
VisualStudioVersion = 16.0.30523.141
MinimumVisualStudioVersion = 10.0.40219.1
Project("{FAE04EC0-301F-11D3-BF4B-00C04F79EFBC}") = "Opgave1", "Opgave1.csproj", "{2846B10A-EFD3-4FBF-AB62-1AD6ECF8F728}"
EndProject
Project("{FAE04EC0-301F-11D3-BF4B-00C04F79EFBC}") = "FanOutputTests", "..\FanOutputTests\FanOutputTests.csproj", "{F9E3BA2E-0862-467C-AD91-1AB0D3FEAE04}"
EndProject
Global
	GlobalSection(SolutionConfigurationPlatforms) = preSolution
		Debug|Any CPU = Debug|Any CPU
		Release|Any CPU = Release|Any CPU
	EndGlobalSection
	GlobalSection(ProjectConfigurationPlatforms) = postSolution
		{2846B10A-EFD3-4FBF-AB62-1AD6ECF8F728}.Debug|Any CPU.ActiveCfg = Debug|Any CPU
		{2846B10A-EFD3-4FBF-AB62-1AD6ECF8F728}.Debug|Any CPU.Build.0 = Debug|Any CPU
		{2846B10A-EFD3-4FBF-AB62-1AD6ECF8F728}.Release|Any CPU.ActiveCfg = Release|Any CPU
		{2846B10A-EFD3-4FBF-AB62-1AD6ECF8F728}.Release|Any CPU.Build.0 = Release|Any CPU
		{F9E3BA2E-0862-467C-AD91-1AB0D3FEAE04}.Debug|Any CPU.ActiveCfg = Debug|Any CPU
		{F9E3BA2E-0862-467C-AD91-1AB0D3FEAE04}.Debug|Any CPU.Build.0 = Debug|Any CPU
		{F9E3BA2E-0862-467C-AD91-1AB0D3FEAE04}.Release|Any CPU.ActiveCfg = Release|Any CPU
		{F9E3BA2E-0862-467C-AD91-1AB0D3FEAE04}.Release|Any CPU.Build.0 = Release|Any CPU
	EndGlobalSection
	GlobalSection(SolutionProperties) = preSolution
		HideSolutionNode = FALSE
	EndGlobalSection
	GlobalSection(ExtensibilityGlobals) = postSolution
		SolutionGuid = {E64C32FF-EA30-4ACB-86E9-3CCF4743EBC8}
	EndGlobalSection
EndGlobal
